// !$*UTF8*$!
{
	archiveVersion = 1;
	classes = {
	};
	objectVersion = 48;
	objects = {

/* Begin PBXBuildFile section */
		3FA92D7B1FF74C5600E0896E /* main.cpp in Sources */ = {isa = PBXBuildFile; fileRef = 3FA92D7A1FF74C5600E0896E /* main.cpp */; };
		3FA92D831FF74CB700E0896E /* RealFFTf.cpp in Sources */ = {isa = PBXBuildFile; fileRef = 3FA92D811FF74CB700E0896E /* RealFFTf.cpp */; };
		3FA92D871FF74E5A00E0896E /* libsndfile.a in Frameworks */ = {isa = PBXBuildFile; fileRef = 3FA92D861FF74E5A00E0896E /* libsndfile.a */; };
		3FA92D8D1FF8E5F900E0896E /* NoiseReduction.cpp in Sources */ = {isa = PBXBuildFile; fileRef = 3FA92D8B1FF8E5F900E0896E /* NoiseReduction.cpp */; };
		3FA92D951FFA4ECC00E0896E /* RealFFTf.cpp in Sources */ = {isa = PBXBuildFile; fileRef = 3FA92D811FF74CB700E0896E /* RealFFTf.cpp */; };
		3FA92D961FFA4ECC00E0896E /* NoiseReduction.cpp in Sources */ = {isa = PBXBuildFile; fileRef = 3FA92D8B1FF8E5F900E0896E /* NoiseReduction.cpp */; };
		3FA92D981FFA4ECC00E0896E /* libsndfile.a in Frameworks */ = {isa = PBXBuildFile; fileRef = 3FA92D861FF74E5A00E0896E /* libsndfile.a */; };
		3FA92D9E1FFA4ED700E0896E /* test_main.cpp in Sources */ = {isa = PBXBuildFile; fileRef = 3FA92D901FFA4E9D00E0896E /* test_main.cpp */; };
		3FA92DA01FFA4F5000E0896E /* Extensions.cpp in Sources */ = {isa = PBXBuildFile; fileRef = 3FA92D9F1FFA4F5000E0896E /* Extensions.cpp */; };
		3FA92DA11FFA4F6900E0896E /* Extensions.cpp in Sources */ = {isa = PBXBuildFile; fileRef = 3FA92D9F1FFA4F5000E0896E /* Extensions.cpp */; };
		3FA92DA71FFB5BAC00E0896E /* test_audacity.cpp in Sources */ = {isa = PBXBuildFile; fileRef = 3FA92DA51FFB5B3F00E0896E /* test_audacity.cpp */; };
		3FA92DAD1FFB5DB800E0896E /* dtmf-noise-mono-audacity-gain-39-sensitivity-16-smooth-0.wav in CopyFiles */ = {isa = PBXBuildFile; fileRef = 3FA92DA91FFB5D9A00E0896E /* dtmf-noise-mono-audacity-gain-39-sensitivity-16-smooth-0.wav */; };
		3FA92DAE1FFB5DB800E0896E /* dtmf-noise-stereo-audacity-gain-39-sensitivity-16-smooth-0.wav in CopyFiles */ = {isa = PBXBuildFile; fileRef = 3FA92DAA1FFB5D9A00E0896E /* dtmf-noise-stereo-audacity-gain-39-sensitivity-16-smooth-0.wav */; };
		3FA92DAF1FFB5DB800E0896E /* dtmf-noise-stereo.wav in CopyFiles */ = {isa = PBXBuildFile; fileRef = 3FA92DAB1FFB5D9A00E0896E /* dtmf-noise-stereo.wav */; };
		3FA92DB01FFB5DB800E0896E /* dtmf-noise-mono.wav in CopyFiles */ = {isa = PBXBuildFile; fileRef = 3FA92DAC1FFB5D9A00E0896E /* dtmf-noise-mono.wav */; };
		3FA92DB21FFB60EB00E0896E /* Utils.cpp in CopyFiles */ = {isa = PBXBuildFile; fileRef = 3FA92DB11FFB60EB00E0896E /* Utils.cpp */; };
		3FA92DB31FFB610700E0896E /* Utils.cpp in Sources */ = {isa = PBXBuildFile; fileRef = 3FA92DB11FFB60EB00E0896E /* Utils.cpp */; };
		3FA92DB41FFB613A00E0896E /* Utils.cpp in Sources */ = {isa = PBXBuildFile; fileRef = 3FA92DB11FFB60EB00E0896E /* Utils.cpp */; };
		3FA92DB81FFC754B00E0896E /* test_mmap_snd.cpp in Sources */ = {isa = PBXBuildFile; fileRef = 3FA92DB61FFC736D00E0896E /* test_mmap_snd.cpp */; };
/* End PBXBuildFile section */

/* Begin PBXCopyFilesBuildPhase section */
		3FA92D751FF74C5600E0896E /* CopyFiles */ = {
			isa = PBXCopyFilesBuildPhase;
			buildActionMask = 2147483647;
			dstPath = /usr/share/man/man1/;
			dstSubfolderSpec = 0;
			files = (
			);
			runOnlyForDeploymentPostprocessing = 1;
		};
		3FA92D991FFA4ECC00E0896E /* CopyFiles */ = {
			isa = PBXCopyFilesBuildPhase;
			buildActionMask = 12;
			dstPath = "";
			dstSubfolderSpec = 6;
			files = (
				3FA92DB21FFB60EB00E0896E /* Utils.cpp in CopyFiles */,
				3FA92DAD1FFB5DB800E0896E /* dtmf-noise-mono-audacity-gain-39-sensitivity-16-smooth-0.wav in CopyFiles */,
				3FA92DAE1FFB5DB800E0896E /* dtmf-noise-stereo-audacity-gain-39-sensitivity-16-smooth-0.wav in CopyFiles */,
				3FA92DAF1FFB5DB800E0896E /* dtmf-noise-stereo.wav in CopyFiles */,
				3FA92DB01FFB5DB800E0896E /* dtmf-noise-mono.wav in CopyFiles */,
			);
			runOnlyForDeploymentPostprocessing = 0;
		};
/* End PBXCopyFilesBuildPhase section */

/* Begin PBXFileReference section */
		3FA92D771FF74C5600E0896E /* noisereduction */ = {isa = PBXFileReference; explicitFileType = "compiled.mach-o.executable"; includeInIndex = 0; path = noisereduction; sourceTree = BUILT_PRODUCTS_DIR; };
		3FA92D7A1FF74C5600E0896E /* main.cpp */ = {isa = PBXFileReference; lastKnownFileType = sourcecode.cpp.cpp; path = main.cpp; sourceTree = "<group>"; };
		3FA92D811FF74CB700E0896E /* RealFFTf.cpp */ = {isa = PBXFileReference; fileEncoding = 4; lastKnownFileType = sourcecode.cpp.cpp; path = RealFFTf.cpp; sourceTree = "<group>"; };
		3FA92D821FF74CB700E0896E /* RealFFTf.h */ = {isa = PBXFileReference; fileEncoding = 4; lastKnownFileType = sourcecode.c.h; path = RealFFTf.h; sourceTree = "<group>"; };
		3FA92D841FF74CD100E0896E /* MemoryX.h */ = {isa = PBXFileReference; fileEncoding = 4; lastKnownFileType = sourcecode.c.h; path = MemoryX.h; sourceTree = "<group>"; };
		3FA92D861FF74E5A00E0896E /* libsndfile.a */ = {isa = PBXFileReference; lastKnownFileType = archive.ar; name = libsndfile.a; path = ../../../../../usr/local/Cellar/libsndfile/1.0.28/lib/libsndfile.a; sourceTree = "<group>"; };
		3FA92D881FF750C100E0896E /* Types.h */ = {isa = PBXFileReference; lastKnownFileType = sourcecode.c.h; path = Types.h; sourceTree = "<group>"; };
		3FA92D8B1FF8E5F900E0896E /* NoiseReduction.cpp */ = {isa = PBXFileReference; lastKnownFileType = sourcecode.cpp.cpp; path = NoiseReduction.cpp; sourceTree = "<group>"; };
		3FA92D8F1FFA4E8B00E0896E /* catch.hpp */ = {isa = PBXFileReference; fileEncoding = 4; lastKnownFileType = sourcecode.cpp.h; path = catch.hpp; sourceTree = "<group>"; };
		3FA92D901FFA4E9D00E0896E /* test_main.cpp */ = {isa = PBXFileReference; lastKnownFileType = sourcecode.cpp.cpp; path = test_main.cpp; sourceTree = "<group>"; };
		3FA92D9D1FFA4ECC00E0896E /* tests */ = {isa = PBXFileReference; explicitFileType = "compiled.mach-o.executable"; includeInIndex = 0; path = tests; sourceTree = BUILT_PRODUCTS_DIR; };
		3FA92D9F1FFA4F5000E0896E /* Extensions.cpp */ = {isa = PBXFileReference; lastKnownFileType = sourcecode.cpp.cpp; name = Extensions.cpp; path = noisereduction/Extensions.cpp; sourceTree = SOURCE_ROOT; };
		3FA92DA21FFB5ADF00E0896E /* Utils.h */ = {isa = PBXFileReference; lastKnownFileType = sourcecode.c.h; path = Utils.h; sourceTree = "<group>"; };
		3FA92DA41FFB5B2300E0896E /* NoiseReduction.h */ = {isa = PBXFileReference; fileEncoding = 4; lastKnownFileType = sourcecode.c.h; path = NoiseReduction.h; sourceTree = "<group>"; };
		3FA92DA51FFB5B3F00E0896E /* test_audacity.cpp */ = {isa = PBXFileReference; lastKnownFileType = sourcecode.cpp.cpp; path = test_audacity.cpp; sourceTree = "<group>"; };
		3FA92DA91FFB5D9A00E0896E /* dtmf-noise-mono-audacity-gain-39-sensitivity-16-smooth-0.wav */ = {isa = PBXFileReference; lastKnownFileType = audio.wav; path = "dtmf-noise-mono-audacity-gain-39-sensitivity-16-smooth-0.wav"; sourceTree = "<group>"; };
		3FA92DAA1FFB5D9A00E0896E /* dtmf-noise-stereo-audacity-gain-39-sensitivity-16-smooth-0.wav */ = {isa = PBXFileReference; lastKnownFileType = audio.wav; path = "dtmf-noise-stereo-audacity-gain-39-sensitivity-16-smooth-0.wav"; sourceTree = "<group>"; };
		3FA92DAB1FFB5D9A00E0896E /* dtmf-noise-stereo.wav */ = {isa = PBXFileReference; lastKnownFileType = audio.wav; path = "dtmf-noise-stereo.wav"; sourceTree = "<group>"; };
		3FA92DAC1FFB5D9A00E0896E /* dtmf-noise-mono.wav */ = {isa = PBXFileReference; lastKnownFileType = audio.wav; path = "dtmf-noise-mono.wav"; sourceTree = "<group>"; };
		3FA92DB11FFB60EB00E0896E /* Utils.cpp */ = {isa = PBXFileReference; lastKnownFileType = sourcecode.cpp.cpp; path = Utils.cpp; sourceTree = "<group>"; };
		3FA92DB51FFC337A00E0896E /* cxxopts.hpp */ = {isa = PBXFileReference; fileEncoding = 4; lastKnownFileType = sourcecode.cpp.h; path = cxxopts.hpp; sourceTree = "<group>"; };
		3FA92DB61FFC736D00E0896E /* test_mmap_snd.cpp */ = {isa = PBXFileReference; fileEncoding = 4; lastKnownFileType = sourcecode.cpp.cpp; path = test_mmap_snd.cpp; sourceTree = "<group>"; };
/* End PBXFileReference section */

/* Begin PBXFrameworksBuildPhase section */
		3FA92D741FF74C5600E0896E /* Frameworks */ = {
			isa = PBXFrameworksBuildPhase;
			buildActionMask = 2147483647;
			files = (
				3FA92D871FF74E5A00E0896E /* libsndfile.a in Frameworks */,
			);
			runOnlyForDeploymentPostprocessing = 0;
		};
		3FA92D971FFA4ECC00E0896E /* Frameworks */ = {
			isa = PBXFrameworksBuildPhase;
			buildActionMask = 2147483647;
			files = (
				3FA92D981FFA4ECC00E0896E /* libsndfile.a in Frameworks */,
			);
			runOnlyForDeploymentPostprocessing = 0;
		};
/* End PBXFrameworksBuildPhase section */

/* Begin PBXGroup section */
		3FA92D6E1FF74C5600E0896E = {
			isa = PBXGroup;
			children = (
				3FA92DA81FFB5D9A00E0896E /* samples */,
				3FA92D791FF74C5600E0896E /* noisereduction */,
				3FA92D781FF74C5600E0896E /* Products */,
				3FA92D851FF74E5A00E0896E /* Frameworks */,
			);
			sourceTree = "<group>";
		};
		3FA92D781FF74C5600E0896E /* Products */ = {
			isa = PBXGroup;
			children = (
				3FA92D771FF74C5600E0896E /* noisereduction */,
				3FA92D9D1FFA4ECC00E0896E /* tests */,
			);
			name = Products;
			sourceTree = "<group>";
		};
		3FA92D791FF74C5600E0896E /* noisereduction */ = {
			isa = PBXGroup;
			children = (
				3FA92DB51FFC337A00E0896E /* cxxopts.hpp */,
				3FA92D8E1FFA4E8B00E0896E /* tests */,
				3FA92D841FF74CD100E0896E /* MemoryX.h */,
				3FA92D811FF74CB700E0896E /* RealFFTf.cpp */,
				3FA92D821FF74CB700E0896E /* RealFFTf.h */,
				3FA92D7A1FF74C5600E0896E /* main.cpp */,
				3FA92D9F1FFA4F5000E0896E /* Extensions.cpp */,
				3FA92D881FF750C100E0896E /* Types.h */,
				3FA92D8B1FF8E5F900E0896E /* NoiseReduction.cpp */,
				3FA92DA41FFB5B2300E0896E /* NoiseReduction.h */,
				3FA92DA21FFB5ADF00E0896E /* Utils.h */,
				3FA92DB11FFB60EB00E0896E /* Utils.cpp */,
			);
			path = noisereduction;
			sourceTree = "<group>";
		};
		3FA92D851FF74E5A00E0896E /* Frameworks */ = {
			isa = PBXGroup;
			children = (
				3FA92D861FF74E5A00E0896E /* libsndfile.a */,
			);
			name = Frameworks;
			sourceTree = "<group>";
		};
		3FA92D8E1FFA4E8B00E0896E /* tests */ = {
			isa = PBXGroup;
			children = (
				3FA92DB61FFC736D00E0896E /* test_mmap_snd.cpp */,
				3FA92D8F1FFA4E8B00E0896E /* catch.hpp */,
				3FA92D901FFA4E9D00E0896E /* test_main.cpp */,
				3FA92DA51FFB5B3F00E0896E /* test_audacity.cpp */,
			);
			path = tests;
			sourceTree = "<group>";
		};
		3FA92DA81FFB5D9A00E0896E /* samples */ = {
			isa = PBXGroup;
			children = (
				3FA92DA91FFB5D9A00E0896E /* dtmf-noise-mono-audacity-gain-39-sensitivity-16-smooth-0.wav */,
				3FA92DAA1FFB5D9A00E0896E /* dtmf-noise-stereo-audacity-gain-39-sensitivity-16-smooth-0.wav */,
				3FA92DAB1FFB5D9A00E0896E /* dtmf-noise-stereo.wav */,
				3FA92DAC1FFB5D9A00E0896E /* dtmf-noise-mono.wav */,
			);
			path = samples;
			sourceTree = "<group>";
		};
/* End PBXGroup section */

/* Begin PBXNativeTarget section */
		3FA92D761FF74C5600E0896E /* noisereduction */ = {
			isa = PBXNativeTarget;
			buildConfigurationList = 3FA92D7E1FF74C5600E0896E /* Build configuration list for PBXNativeTarget "noisereduction" */;
			buildPhases = (
				3FA92D731FF74C5600E0896E /* Sources */,
				3FA92D741FF74C5600E0896E /* Frameworks */,
				3FA92D751FF74C5600E0896E /* CopyFiles */,
			);
			buildRules = (
			);
			dependencies = (
			);
			name = noisereduction;
			productName = noisereduction;
			productReference = 3FA92D771FF74C5600E0896E /* noisereduction */;
			productType = "com.apple.product-type.tool";
		};
		3FA92D921FFA4ECC00E0896E /* tests */ = {
			isa = PBXNativeTarget;
			buildConfigurationList = 3FA92D9A1FFA4ECC00E0896E /* Build configuration list for PBXNativeTarget "tests" */;
			buildPhases = (
				3FA92D931FFA4ECC00E0896E /* Sources */,
				3FA92D971FFA4ECC00E0896E /* Frameworks */,
				3FA92D991FFA4ECC00E0896E /* CopyFiles */,
			);
			buildRules = (
			);
			dependencies = (
			);
			name = tests;
			productName = noisereduction;
			productReference = 3FA92D9D1FFA4ECC00E0896E /* tests */;
			productType = "com.apple.product-type.tool";
		};
/* End PBXNativeTarget section */

/* Begin PBXProject section */
		3FA92D6F1FF74C5600E0896E /* Project object */ = {
			isa = PBXProject;
			attributes = {
				LastUpgradeCheck = 0920;
				ORGANIZATIONNAME = org;
				TargetAttributes = {
					3FA92D761FF74C5600E0896E = {
						CreatedOnToolsVersion = 9.2;
						ProvisioningStyle = Automatic;
					};
					3FA92D921FFA4ECC00E0896E = {
						ProvisioningStyle = Automatic;
					};
				};
			};
			buildConfigurationList = 3FA92D721FF74C5600E0896E /* Build configuration list for PBXProject "noisereduction" */;
			compatibilityVersion = "Xcode 8.0";
			developmentRegion = en;
			hasScannedForEncodings = 0;
			knownRegions = (
				en,
			);
			mainGroup = 3FA92D6E1FF74C5600E0896E;
			productRefGroup = 3FA92D781FF74C5600E0896E /* Products */;
			projectDirPath = "";
			projectRoot = "";
			targets = (
				3FA92D761FF74C5600E0896E /* noisereduction */,
				3FA92D921FFA4ECC00E0896E /* tests */,
			);
		};
/* End PBXProject section */

/* Begin PBXSourcesBuildPhase section */
		3FA92D731FF74C5600E0896E /* Sources */ = {
			isa = PBXSourcesBuildPhase;
			buildActionMask = 2147483647;
			files = (
				3FA92D7B1FF74C5600E0896E /* main.cpp in Sources */,
				3FA92D831FF74CB700E0896E /* RealFFTf.cpp in Sources */,
				3FA92DA01FFA4F5000E0896E /* Extensions.cpp in Sources */,
				3FA92DB31FFB610700E0896E /* Utils.cpp in Sources */,
				3FA92D8D1FF8E5F900E0896E /* NoiseReduction.cpp in Sources */,
			);
			runOnlyForDeploymentPostprocessing = 0;
		};
		3FA92D931FFA4ECC00E0896E /* Sources */ = {
			isa = PBXSourcesBuildPhase;
			buildActionMask = 2147483647;
			files = (
				3FA92DB81FFC754B00E0896E /* test_mmap_snd.cpp in Sources */,
				3FA92DA71FFB5BAC00E0896E /* test_audacity.cpp in Sources */,
				3FA92DA11FFA4F6900E0896E /* Extensions.cpp in Sources */,
				3FA92D9E1FFA4ED700E0896E /* test_main.cpp in Sources */,
				3FA92D951FFA4ECC00E0896E /* RealFFTf.cpp in Sources */,
				3FA92DB41FFB613A00E0896E /* Utils.cpp in Sources */,
				3FA92D961FFA4ECC00E0896E /* NoiseReduction.cpp in Sources */,
			);
			runOnlyForDeploymentPostprocessing = 0;
		};
/* End PBXSourcesBuildPhase section */

/* Begin XCBuildConfiguration section */
		3FA92D7C1FF74C5600E0896E /* Debug */ = {
			isa = XCBuildConfiguration;
			buildSettings = {
				ALWAYS_SEARCH_USER_PATHS = NO;
				CLANG_ANALYZER_NONNULL = YES;
				CLANG_ANALYZER_NUMBER_OBJECT_CONVERSION = YES_AGGRESSIVE;
				CLANG_CXX_LANGUAGE_STANDARD = "gnu++14";
				CLANG_CXX_LIBRARY = "libc++";
				CLANG_ENABLE_MODULES = YES;
				CLANG_ENABLE_OBJC_ARC = YES;
				CLANG_WARN_BLOCK_CAPTURE_AUTORELEASING = YES;
				CLANG_WARN_BOOL_CONVERSION = YES;
				CLANG_WARN_COMMA = YES;
				CLANG_WARN_CONSTANT_CONVERSION = YES;
				CLANG_WARN_DIRECT_OBJC_ISA_USAGE = YES_ERROR;
				CLANG_WARN_DOCUMENTATION_COMMENTS = YES;
				CLANG_WARN_EMPTY_BODY = YES;
				CLANG_WARN_ENUM_CONVERSION = YES;
				CLANG_WARN_INFINITE_RECURSION = YES;
				CLANG_WARN_INT_CONVERSION = YES;
				CLANG_WARN_NON_LITERAL_NULL_CONVERSION = YES;
				CLANG_WARN_OBJC_LITERAL_CONVERSION = YES;
				CLANG_WARN_OBJC_ROOT_CLASS = YES_ERROR;
				CLANG_WARN_RANGE_LOOP_ANALYSIS = YES;
				CLANG_WARN_STRICT_PROTOTYPES = YES;
				CLANG_WARN_SUSPICIOUS_MOVE = YES;
				CLANG_WARN_UNGUARDED_AVAILABILITY = YES_AGGRESSIVE;
				CLANG_WARN_UNREACHABLE_CODE = YES;
				CLANG_WARN__DUPLICATE_METHOD_MATCH = YES;
				CODE_SIGN_IDENTITY = "-";
				COPY_PHASE_STRIP = NO;
				DEBUG_INFORMATION_FORMAT = dwarf;
				ENABLE_STRICT_OBJC_MSGSEND = YES;
				ENABLE_TESTABILITY = YES;
				GCC_C_LANGUAGE_STANDARD = gnu11;
				GCC_DYNAMIC_NO_PIC = NO;
				GCC_NO_COMMON_BLOCKS = YES;
				GCC_OPTIMIZATION_LEVEL = 0;
				GCC_PREPROCESSOR_DEFINITIONS = (
					"DEBUG=1",
					"$(inherited)",
				);
				GCC_WARN_64_TO_32_BIT_CONVERSION = YES;
				GCC_WARN_ABOUT_RETURN_TYPE = YES_ERROR;
				GCC_WARN_UNDECLARED_SELECTOR = YES;
				GCC_WARN_UNINITIALIZED_AUTOS = YES_AGGRESSIVE;
				GCC_WARN_UNUSED_FUNCTION = YES;
				GCC_WARN_UNUSED_VARIABLE = YES;
				LIBRARY_SEARCH_PATHS = /usr/local/lib/;
				MACOSX_DEPLOYMENT_TARGET = 10.12;
				MTL_ENABLE_DEBUG_INFO = YES;
				ONLY_ACTIVE_ARCH = YES;
				SDKROOT = macosx;
				SYSTEM_HEADER_SEARCH_PATHS = /usr/local/include/;
			};
			name = Debug;
		};
		3FA92D7D1FF74C5600E0896E /* Release */ = {
			isa = XCBuildConfiguration;
			buildSettings = {
				ALWAYS_SEARCH_USER_PATHS = NO;
				CLANG_ANALYZER_NONNULL = YES;
				CLANG_ANALYZER_NUMBER_OBJECT_CONVERSION = YES_AGGRESSIVE;
				CLANG_CXX_LANGUAGE_STANDARD = "gnu++14";
				CLANG_CXX_LIBRARY = "libc++";
				CLANG_ENABLE_MODULES = YES;
				CLANG_ENABLE_OBJC_ARC = YES;
				CLANG_WARN_BLOCK_CAPTURE_AUTORELEASING = YES;
				CLANG_WARN_BOOL_CONVERSION = YES;
				CLANG_WARN_COMMA = YES;
				CLANG_WARN_CONSTANT_CONVERSION = YES;
				CLANG_WARN_DIRECT_OBJC_ISA_USAGE = YES_ERROR;
				CLANG_WARN_DOCUMENTATION_COMMENTS = YES;
				CLANG_WARN_EMPTY_BODY = YES;
				CLANG_WARN_ENUM_CONVERSION = YES;
				CLANG_WARN_INFINITE_RECURSION = YES;
				CLANG_WARN_INT_CONVERSION = YES;
				CLANG_WARN_NON_LITERAL_NULL_CONVERSION = YES;
				CLANG_WARN_OBJC_LITERAL_CONVERSION = YES;
				CLANG_WARN_OBJC_ROOT_CLASS = YES_ERROR;
				CLANG_WARN_RANGE_LOOP_ANALYSIS = YES;
				CLANG_WARN_STRICT_PROTOTYPES = YES;
				CLANG_WARN_SUSPICIOUS_MOVE = YES;
				CLANG_WARN_UNGUARDED_AVAILABILITY = YES_AGGRESSIVE;
				CLANG_WARN_UNREACHABLE_CODE = YES;
				CLANG_WARN__DUPLICATE_METHOD_MATCH = YES;
				CODE_SIGN_IDENTITY = "-";
				COPY_PHASE_STRIP = NO;
				DEBUG_INFORMATION_FORMAT = "dwarf-with-dsym";
				ENABLE_NS_ASSERTIONS = NO;
				ENABLE_STRICT_OBJC_MSGSEND = YES;
				GCC_C_LANGUAGE_STANDARD = gnu11;
				GCC_NO_COMMON_BLOCKS = YES;
				GCC_WARN_64_TO_32_BIT_CONVERSION = YES;
				GCC_WARN_ABOUT_RETURN_TYPE = YES_ERROR;
				GCC_WARN_UNDECLARED_SELECTOR = YES;
				GCC_WARN_UNINITIALIZED_AUTOS = YES_AGGRESSIVE;
				GCC_WARN_UNUSED_FUNCTION = YES;
				GCC_WARN_UNUSED_VARIABLE = YES;
				LIBRARY_SEARCH_PATHS = /usr/local/lib/;
				MACOSX_DEPLOYMENT_TARGET = 10.12;
				MTL_ENABLE_DEBUG_INFO = NO;
				SDKROOT = macosx;
				SYSTEM_HEADER_SEARCH_PATHS = /usr/local/include/;
			};
			name = Release;
		};
		3FA92D7F1FF74C5600E0896E /* Debug */ = {
			isa = XCBuildConfiguration;
			buildSettings = {
				CODE_SIGN_STYLE = Automatic;
				LIBRARY_SEARCH_PATHS = (
					"$(inherited)",
					/usr/local/Cellar/libsndfile/1.0.28/lib,
				);
				PRODUCT_NAME = "$(TARGET_NAME)";
			};
			name = Debug;
		};
		3FA92D801FF74C5600E0896E /* Release */ = {
			isa = XCBuildConfiguration;
			buildSettings = {
				CODE_SIGN_STYLE = Automatic;
				LIBRARY_SEARCH_PATHS = (
					"$(inherited)",
					/usr/local/Cellar/libsndfile/1.0.28/lib,
				);
				PRODUCT_NAME = "$(TARGET_NAME)";
			};
			name = Release;
		};
		3FA92D9B1FFA4ECC00E0896E /* Debug */ = {
			isa = XCBuildConfiguration;
			buildSettings = {
				CODE_SIGN_STYLE = Automatic;
				LIBRARY_SEARCH_PATHS = (
					"$(inherited)",
					/usr/local/Cellar/libsndfile/1.0.28/lib,
				);
				PRODUCT_NAME = "$(TARGET_NAME)";
			};
			name = Debug;
		};
		3FA92D9C1FFA4ECC00E0896E /* Release */ = {
			isa = XCBuildConfiguration;
			buildSettings = {
				CODE_SIGN_STYLE = Automatic;
				LIBRARY_SEARCH_PATHS = (
					"$(inherited)",
					/usr/local/Cellar/libsndfile/1.0.28/lib,
				);
				PRODUCT_NAME = "$(TARGET_NAME)";
			};
			name = Release;
		};
/* End XCBuildConfiguration section */

/* Begin XCConfigurationList section */
		3FA92D721FF74C5600E0896E /* Build configuration list for PBXProject "noisereduction" */ = {
			isa = XCConfigurationList;
			buildConfigurations = (
				3FA92D7C1FF74C5600E0896E /* Debug */,
				3FA92D7D1FF74C5600E0896E /* Release */,
			);
			defaultConfigurationIsVisible = 0;
			defaultConfigurationName = Release;
		};
		3FA92D7E1FF74C5600E0896E /* Build configuration list for PBXNativeTarget "noisereduction" */ = {
			isa = XCConfigurationList;
			buildConfigurations = (
				3FA92D7F1FF74C5600E0896E /* Debug */,
				3FA92D801FF74C5600E0896E /* Release */,
			);
			defaultConfigurationIsVisible = 0;
			defaultConfigurationName = Release;
		};
		3FA92D9A1FFA4ECC00E0896E /* Build configuration list for PBXNativeTarget "tests" */ = {
			isa = XCConfigurationList;
			buildConfigurations = (
				3FA92D9B1FFA4ECC00E0896E /* Debug */,
				3FA92D9C1FFA4ECC00E0896E /* Release */,
			);
			defaultConfigurationIsVisible = 0;
			defaultConfigurationName = Release;
		};
/* End XCConfigurationList section */
	};
	rootObject = 3FA92D6F1FF74C5600E0896E /* Project object */;
}
